
Microsoft Visual Studio Solution File, Format Version 12.00
# Visual Studio Version 16
VisualStudioVersion = 16.0.33801.447
MinimumVisualStudioVersion = 10.0.40219.1
Project("{FAE04EC0-301F-11D3-BF4B-00C04F79EFBC}") = "SuperClass", "SuperClass\SuperClass.csproj", "{6F770943-9B6A-4356-A358-E16E37AB1AD9}"
EndProject
Global
	GlobalSection(SolutionConfigurationPlatforms) = preSolution
		Debug|Any CPU = Debug|Any CPU
		Release|Any CPU = Release|Any CPU
	EndGlobalSection
	GlobalSection(ProjectConfigurationPlatforms) = postSolution
		{6F770943-9B6A-4356-A358-E16E37AB1AD9}.Debug|Any CPU.ActiveCfg = Debug|Any CPU
		{6F770943-9B6A-4356-A358-E16E37AB1AD9}.Debug|Any CPU.Build.0 = Debug|Any CPU
		{6F770943-9B6A-4356-A358-E16E37AB1AD9}.Release|Any CPU.ActiveCfg = Release|Any CPU
		{6F770943-9B6A-4356-A358-E16E37AB1AD9}.Release|Any CPU.Build.0 = Release|Any CPU
	EndGlobalSection
	GlobalSection(SolutionProperties) = preSolution
		HideSolutionNode = FALSE
	EndGlobalSection
	GlobalSection(ExtensibilityGlobals) = postSolution
		SolutionGuid = {0D59FF74-BEAB-4E61-9F52-64AF5F276F8F}
	EndGlobalSection
EndGlobal
