
Microsoft Visual Studio Solution File, Format Version 12.00
# Visual Studio Version 16
VisualStudioVersion = 16.0.33801.447
MinimumVisualStudioVersion = 10.0.40219.1
Project("{FAE04EC0-301F-11D3-BF4B-00C04F79EFBC}") = "MethodOptional", "MethodOptional\MethodOptional.csproj", "{0CB698C5-F30B-4A0C-B2FC-1DE3F98D1AF6}"
EndProject
Global
	GlobalSection(SolutionConfigurationPlatforms) = preSolution
		Debug|Any CPU = Debug|Any CPU
		Release|Any CPU = Release|Any CPU
	EndGlobalSection
	GlobalSection(ProjectConfigurationPlatforms) = postSolution
		{0CB698C5-F30B-4A0C-B2FC-1DE3F98D1AF6}.Debug|Any CPU.ActiveCfg = Debug|Any CPU
		{0CB698C5-F30B-4A0C-B2FC-1DE3F98D1AF6}.Debug|Any CPU.Build.0 = Debug|Any CPU
		{0CB698C5-F30B-4A0C-B2FC-1DE3F98D1AF6}.Release|Any CPU.ActiveCfg = Release|Any CPU
		{0CB698C5-F30B-4A0C-B2FC-1DE3F98D1AF6}.Release|Any CPU.Build.0 = Release|Any CPU
	EndGlobalSection
	GlobalSection(SolutionProperties) = preSolution
		HideSolutionNode = FALSE
	EndGlobalSection
	GlobalSection(ExtensibilityGlobals) = postSolution
		SolutionGuid = {5B0F4641-5275-4A47-8F12-154141D75D03}
	EndGlobalSection
EndGlobal
